<?xml version="1.0" encoding="utf-8"?>
<Project ToolsVersion="4.0" xmlns="http://schemas.microsoft.com/developer/msbuild/2003">
  <ItemGroup>
    <Filter Include="Source Files">
      <UniqueIdentifier>{4FC737F1-C7A5-4376-A066-2A32D752A2FF}</UniqueIdentifier>
      <Extensions>cpp;c;cc;cxx;def;odl;idl;hpj;bat;asm;asmx</Extensions>
    </Filter>
    <Filter Include="Header Files">
      <UniqueIdentifier>{93995380-89BD-4b04-88EB-625FBE52EBFB}</UniqueIdentifier>
      <Extensions>h;hpp;hxx;hm;inl;inc;xsd</Extensions>
    </Filter>
    <Filter Include="Resource Files">
      <UniqueIdentifier>{67DA6AB6-F800-4c08-8B7A-83BB121AAD01}</UniqueIdentifier>
      <Extensions>rc;ico;cur;bmp;dlg;rc2;rct;bin;rgs;gif;jpg;jpeg;jpe;resx;tiff;tif;png;wav</Extensions>
    </Filter>
  </ItemGroup>
  <ItemGroup>
    <ClCompile Include="font\editor.c">
      <Filter>Source Files</Filter>
    </ClCompile>
    <ClCompile Include="font\packer.c">
      <Filter>Source Files</Filter>
    </ClCompile>
    <ClCompile Include="font\unpacker.c">
      <Filter>Source Files</Filter>
    </ClCompile>
    <ClCompile Include="src\air.c">
      <Filter>Source Files</Filter>
    </ClCompile>
    <ClCompile Include="src\cJSON.c">
      <Filter>Source Files</Filter>
    </ClCompile>
    <ClCompile Include="src\console.c">
      <Filter>Source Files</Filter>
    </ClCompile>
    <ClCompile Include="src\graphics.c">
      <Filter>Source Files</Filter>
    </ClCompile>
    <ClCompile Include="src\http.c">
      <Filter>Source Files</Filter>
    </ClCompile>
    <ClCompile Include="src\interface.c">
      <Filter>Source Files</Filter>
    </ClCompile>
    <ClCompile Include="src\luaconsole.c">
      <Filter>Source Files</Filter>
    </ClCompile>
    <ClCompile Include="src\main.c">
      <Filter>Source Files</Filter>
    </ClCompile>
    <ClCompile Include="src\md5.c">
      <Filter>Source Files</Filter>
    </ClCompile>
    <ClCompile Include="src\misc.c">
      <Filter>Source Files</Filter>
    </ClCompile>
    <ClCompile Include="src\powder.c">
      <Filter>Source Files</Filter>
    </ClCompile>
    <ClCompile Include="src\pythonconsole.c">
      <Filter>Source Files</Filter>
    </ClCompile>
    <ClCompile Include="src\update.c">
      <Filter>Source Files</Filter>
    </ClCompile>
    <ClCompile Include="src\elements\acid.c">
      <Filter>Source Files</Filter>
    </ClCompile>
    <ClCompile Include="src\elements\amtr.c">
      <Filter>Source Files</Filter>
    </ClCompile>
    <ClCompile Include="src\elements\anar.c">
      <Filter>Source Files</Filter>
    </ClCompile>
    <ClCompile Include="src\elements\aray.c">
      <Filter>Source Files</Filter>
    </ClCompile>
    <ClCompile Include="src\elements\bcln.c">
      <Filter>Source Files</Filter>
    </ClCompile>
    <ClCompile Include="src\elements\bcol.c">
      <Filter>Source Files</Filter>
    </ClCompile>
    <ClCompile Include="src\elements\bizr.c">
      <Filter>Source Files</Filter>
    </ClCompile>
    <ClCompile Include="src\elements\bmtl.c">
      <Filter>Source Files</Filter>
    </ClCompile>
    <ClCompile Include="src\elements\bomb.c">
      <Filter>Source Files</Filter>
    </ClCompile>
    <ClCompile Include="src\elements\boyl.c">
      <Filter>Source Files</Filter>
    </ClCompile>
    <ClCompile Include="src\elements\btry.c">
      <Filter>Source Files</Filter>
    </ClCompile>
    <ClCompile Include="src\elements\c5.c">
      <Filter>Source Files</Filter>
    </ClCompile>
    <ClCompile Include="src\elements\caus.c">
      <Filter>Source Files</Filter>
    </ClCompile>
    <ClCompile Include="src\elements\cbnw.c">
      <Filter>Source Files</Filter>
    </ClCompile>
    <ClCompile Include="src\elements\clne.c">
      <Filter>Source Files</Filter>
    </ClCompile>
    <ClCompile Include="src\elements\clst.c">
      <Filter>Source Files</Filter>
    </ClCompile>
    <ClCompile Include="src\elements\co2.c">
      <Filter>Source Files</Filter>
    </ClCompile>
    <ClCompile Include="src\elements\coal.c">
      <Filter>Source Files</Filter>
    </ClCompile>
    <ClCompile Include="src\elements\conv.c">
      <Filter>Source Files</Filter>
    </ClCompile>
    <ClCompile Include="src\elements\dest.c">
      <Filter>Source Files</Filter>
    </ClCompile>
    <ClCompile Include="src\elements\deut.c">
      <Filter>Source Files</Filter>
    </ClCompile>
    <ClCompile Include="src\elements\dlay.c">
      <Filter>Source Files</Filter>
    </ClCompile>
    <ClCompile Include="src\elements\dstw.c">
      <Filter>Source Files</Filter>
    </ClCompile>
    <ClCompile Include="src\elements\elementmisc.c">
      <Filter>Source Files</Filter>
    </ClCompile>
    <ClCompile Include="src\elements\emp.c">
      <Filter>Source Files</Filter>
    </ClCompile>
    <ClCompile Include="src\elements\firw.c">
      <Filter>Source Files</Filter>
    </ClCompile>
    <ClCompile Include="src\elements\fog.c">
      <Filter>Source Files</Filter>
    </ClCompile>
    <ClCompile Include="src\elements\frzw.c">
      <Filter>Source Files</Filter>
    </ClCompile>
    <ClCompile Include="src\elements\frzz.c">
      <Filter>Source Files</Filter>
    </ClCompile>
    <ClCompile Include="src\elements\fsep.c">
      <Filter>Source Files</Filter>
    </ClCompile>
    <ClCompile Include="src\elements\fuse.c">
      <Filter>Source Files</Filter>
    </ClCompile>
    <ClCompile Include="src\elements\fwrk.c">
      <Filter>Source Files</Filter>
    </ClCompile>
    <ClCompile Include="src\elements\gbmb.c">
      <Filter>Source Files</Filter>
    </ClCompile>
    <ClCompile Include="src\elements\glas.c">
      <Filter>Source Files</Filter>
    </ClCompile>
    <ClCompile Include="src\elements\glow.c">
      <Filter>Source Files</Filter>
    </ClCompile>
    <ClCompile Include="src\elements\goo.c">
      <Filter>Source Files</Filter>
    </ClCompile>
    <ClCompile Include="src\elements\gpmp.c">
      <Filter>Source Files</Filter>
    </ClCompile>
    <ClCompile Include="src\elements\h2.c">
      <Filter>Source Files</Filter>
    </ClCompile>
    <ClCompile Include="src\elements\hswc.c">
      <Filter>Source Files</Filter>
    </ClCompile>
    <ClCompile Include="src\elements\ice.c">
      <Filter>Source Files</Filter>
    </ClCompile>
    <ClCompile Include="src\elements\iron.c">
      <Filter>Source Files</Filter>
    </ClCompile>
    <ClCompile Include="src\elements\isz.c">
      <Filter>Source Files</Filter>
    </ClCompile>
    <ClCompile Include="src\elements\lcry.c">
      <Filter>Source Files</Filter>
    </ClCompile>
    <ClCompile Include="src\elements\legacy.c">
      <Filter>Source Files</Filter>
    </ClCompile>
    <ClCompile Include="src\elements\ligh.c">
      <Filter>Source Files</Filter>
    </ClCompile>
    <ClCompile Include="src\elements\merc.c">
      <Filter>Source Files</Filter>
    </ClCompile>
    <ClCompile Include="src\elements\mort.c">
      <Filter>Source Files</Filter>
    </ClCompile>
    <ClCompile Include="src\elements\nbhl.c">
      <Filter>Source Files</Filter>
    </ClCompile>
    <ClCompile Include="src\elements\neut.c">
      <Filter>Source Files</Filter>
    </ClCompile>
    <ClCompile Include="src\elements\none.c">
      <Filter>Source Files</Filter>
    </ClCompile>
    <ClCompile Include="src\elements\nptct.c">
      <Filter>Source Files</Filter>
    </ClCompile>
    <ClCompile Include="src\elements\nwhl.c">
      <Filter>Source Files</Filter>
    </ClCompile>
    <ClCompile Include="src\elements\O2.c">
      <Filter>Source Files</Filter>
    </ClCompile>
    <ClCompile Include="src\elements\pbcn.c">
      <Filter>Source Files</Filter>
    </ClCompile>
    <ClCompile Include="src\elements\pcln.c">
      <Filter>Source Files</Filter>
    </ClCompile>
    <ClCompile Include="src\elements\phot.c">
      <Filter>Source Files</Filter>
    </ClCompile>
    <ClCompile Include="src\elements\pipe.c">
      <Filter>Source Files</Filter>
    </ClCompile>
    <ClCompile Include="src\elements\plnt.c">
      <Filter>Source Files</Filter>
    </ClCompile>
    <ClCompile Include="src\elements\plut.c">
      <Filter>Source Files</Filter>
    </ClCompile>
    <ClCompile Include="src\elements\prti.c">
      <Filter>Source Files</Filter>
    </ClCompile>
    <ClCompile Include="src\elements\prto.c">
      <Filter>Source Files</Filter>
    </ClCompile>
    <ClCompile Include="src\elements\pump.c">
      <Filter>Source Files</Filter>
    </ClCompile>
    <ClCompile Include="src\elements\pvod.c">
      <Filter>Source Files</Filter>
    </ClCompile>
    <ClCompile Include="src\elements\pyro.c">
      <Filter>Source Files</Filter>
    </ClCompile>
    <ClCompile Include="src\elements\qrtz.c">
      <Filter>Source Files</Filter>
    </ClCompile>
    <ClCompile Include="src\elements\rime.c">
      <Filter>Source Files</Filter>
    </ClCompile>
    <ClCompile Include="src\elements\shld.c">
      <Filter>Source Files</Filter>
    </ClCompile>
    <ClCompile Include="src\elements\sing.c">
      <Filter>Source Files</Filter>
    </ClCompile>
    <ClCompile Include="src\elements\sltw.c">
      <Filter>Source Files</Filter>
    </ClCompile>
    <ClCompile Include="src\elements\soap.c">
      <Filter>Source Files</Filter>
    </ClCompile>
    <ClCompile Include="src\elements\spng.c">
      <Filter>Source Files</Filter>
    </ClCompile>
    <ClCompile Include="src\elements\sprk.c">
      <Filter>Source Files</Filter>
    </ClCompile>
    <ClCompile Include="src\elements\stkm.c">
      <Filter>Source Files</Filter>
    </ClCompile>
    <ClCompile Include="src\elements\stkm2.c">
      <Filter>Source Files</Filter>
    </ClCompile>
    <ClCompile Include="src\elements\stor.c">
      <Filter>Source Files</Filter>
    </ClCompile>
    <ClCompile Include="src\elements\swch.c">
      <Filter>Source Files</Filter>
    </ClCompile>
    <ClCompile Include="src\elements\thdr.c">
      <Filter>Source Files</Filter>
    </ClCompile>
    <ClCompile Include="src\elements\thrm.c">
      <Filter>Source Files</Filter>
    </ClCompile>
    <ClCompile Include="src\elements\uran.c">
      <Filter>Source Files</Filter>
    </ClCompile>
    <ClCompile Include="src\elements\vine.c">
      <Filter>Source Files</Filter>
    </ClCompile>
    <ClCompile Include="src\elements\warp.c">
      <Filter>Source Files</Filter>
    </ClCompile>
    <ClCompile Include="src\elements\watr.c">
      <Filter>Source Files</Filter>
    </ClCompile>
    <ClCompile Include="src\elements\wifi.c">
      <Filter>Source Files</Filter>
    </ClCompile>
    <ClCompile Include="src\elements\wire.c">
      <Filter>Source Files</Filter>
    </ClCompile>
    <ClCompile Include="src\elements\wtrv.c">
      <Filter>Source Files</Filter>
    </ClCompile>
    <ClCompile Include="src\elements\yest.c">
      <Filter>Source Files</Filter>
    </ClCompile>
    <ClCompile Include="src\elements\cctv.c">
      <Filter>Source Files</Filter>
    </ClCompile>
    <ClCompile Include="src\elements\ff50.c">
      <Filter>Source Files</Filter>
    </ClCompile>
  </ItemGroup>
  <ItemGroup>
    <ClInclude Include="includes\air.h">
      <Filter>Header Files</Filter>
    </ClInclude>
    <ClInclude Include="includes\bzlib.h">
      <Filter>Header Files</Filter>
    </ClInclude>
    <ClInclude Include="includes\cJSON.h">
      <Filter>Header Files</Filter>
    </ClInclude>
    <ClInclude Include="includes\console.h">
      <Filter>Header Files</Filter>
    </ClInclude>
    <ClInclude Include="includes\defines.h">
      <Filter>Header Files</Filter>
    </ClInclude>
    <ClInclude Include="includes\element.h">
      <Filter>Header Files</Filter>
    </ClInclude>
    <ClInclude Include="includes\fftw3.h">
      <Filter>Header Files</Filter>
    </ClInclude>
    <ClInclude Include="includes\font.h">
      <Filter>Header Files</Filter>
    </ClInclude>
    <ClInclude Include="includes\graphics.h">
      <Filter>Header Files</Filter>
    </ClInclude>
    <ClInclude Include="includes\hmap.h">
      <Filter>Header Files</Filter>
    </ClInclude>
    <ClInclude Include="includes\http.h">
      <Filter>Header Files</Filter>
    </ClInclude>
    <ClInclude Include="includes\icon.h">
      <Filter>Header Files</Filter>
    </ClInclude>
    <ClInclude Include="includes\icondoc.h">
      <Filter>Header Files</Filter>
    </ClInclude>
    <ClInclude Include="includes\images.h">
      <Filter>Header Files</Filter>
    </ClInclude>
    <ClInclude Include="includes\interface.h">
      <Filter>Header Files</Filter>
    </ClInclude>
    <ClInclude Include="includes\luaconsole.h">
      <Filter>Header Files</Filter>
    </ClInclude>
    <ClInclude Include="includes\md5.h">
      <Filter>Header Files</Filter>
    </ClInclude>
    <ClInclude Include="includes\misc.h">
      <Filter>Header Files</Filter>
    </ClInclude>
    <ClInclude Include="includes\powder.h">
      <Filter>Header Files</Filter>
    </ClInclude>
    <ClInclude Include="includes\pthread.h">
      <Filter>Header Files</Filter>
    </ClInclude>
    <ClInclude Include="includes\pythonconsole.h">
      <Filter>Header Files</Filter>
    </ClInclude>
    <ClInclude Include="includes\regex.h">
      <Filter>Header Files</Filter>
    </ClInclude>
    <ClInclude Include="includes\sched.h">
      <Filter>Header Files</Filter>
    </ClInclude>
    <ClInclude Include="includes\update.h">
      <Filter>Header Files</Filter>
    </ClInclude>
    <ClInclude Include="includes\version.h">
      <Filter>Header Files</Filter>
    </ClInclude>
    <ClInclude Include="includes\lua5.1\lauxlib.h">
      <Filter>Header Files</Filter>
    </ClInclude>
    <ClInclude Include="includes\lua5.1\lua.h">
      <Filter>Header Files</Filter>
    </ClInclude>
    <ClInclude Include="includes\lua5.1\luaconf.h">
      <Filter>Header Files</Filter>
    </ClInclude>
    <ClInclude Include="includes\lua5.1\lualib.h">
      <Filter>Header Files</Filter>
    </ClInclude>
    <ClInclude Include="includes\lua5.1\lua.hpp">
      <Filter>Header Files</Filter>
    </ClInclude>
    <ClInclude Include="includes\sdl\begin_code.h">
      <Filter>Header Files</Filter>
    </ClInclude>
    <ClInclude Include="includes\sdl\close_code.h">
      <Filter>Header Files</Filter>
    </ClInclude>
    <ClInclude Include="includes\sdl\SDL.h">
      <Filter>Header Files</Filter>
    </ClInclude>
    <ClInclude Include="includes\sdl\SDL_active.h">
      <Filter>Header Files</Filter>
    </ClInclude>
    <ClInclude Include="includes\sdl\SDL_audio.h">
      <Filter>Header Files</Filter>
    </ClInclude>
    <ClInclude Include="includes\sdl\SDL_byteorder.h">
      <Filter>Header Files</Filter>
    </ClInclude>
    <ClInclude Include="includes\sdl\SDL_cdrom.h">
      <Filter>Header Files</Filter>
    </ClInclude>
    <ClInclude Include="includes\sdl\SDL_config.h">
      <Filter>Header Files</Filter>
    </ClInclude>
    <ClInclude Include="includes\sdl\SDL_config_amiga.h">
      <Filter>Header Files</Filter>
    </ClInclude>
    <ClInclude Include="includes\sdl\SDL_config_dreamcast.h">
      <Filter>Header Files</Filter>
    </ClInclude>
    <ClInclude Include="includes\sdl\SDL_config_macos.h">
      <Filter>Header Files</Filter>
    </ClInclude>
    <ClInclude Include="includes\sdl\SDL_config_macosx.h">
      <Filter>Header Files</Filter>
    </ClInclude>
    <ClInclude Include="includes\sdl\SDL_config_minimal.h">
      <Filter>Header Files</Filter>
    </ClInclude>
    <ClInclude Include="includes\sdl\SDL_config_nds.h">
      <Filter>Header Files</Filter>
    </ClInclude>
    <ClInclude Include="includes\sdl\SDL_config_os2.h">
      <Filter>Header Files</Filter>
    </ClInclude>
    <ClInclude Include="includes\sdl\SDL_config_symbian.h">
      <Filter>Header Files</Filter>
    </ClInclude>
    <ClInclude Include="includes\sdl\SDL_config_win32.h">
      <Filter>Header Files</Filter>
    </ClInclude>
    <ClInclude Include="includes\sdl\SDL_copying.h">
      <Filter>Header Files</Filter>
    </ClInclude>
    <ClInclude Include="includes\sdl\SDL_cpuinfo.h">
      <Filter>Header Files</Filter>
    </ClInclude>
    <ClInclude Include="includes\sdl\SDL_endian.h">
      <Filter>Header Files</Filter>
    </ClInclude>
    <ClInclude Include="includes\sdl\SDL_error.h">
      <Filter>Header Files</Filter>
    </ClInclude>
    <ClInclude Include="includes\sdl\SDL_events.h">
      <Filter>Header Files</Filter>
    </ClInclude>
    <ClInclude Include="includes\sdl\SDL_getenv.h">
      <Filter>Header Files</Filter>
    </ClInclude>
    <ClInclude Include="includes\sdl\SDL_joystick.h">
      <Filter>Header Files</Filter>
    </ClInclude>
    <ClInclude Include="includes\sdl\SDL_keyboard.h">
      <Filter>Header Files</Filter>
    </ClInclude>
    <ClInclude Include="includes\sdl\SDL_keysym.h">
      <Filter>Header Files</Filter>
    </ClInclude>
    <ClInclude Include="includes\sdl\SDL_loadso.h">
      <Filter>Header Files</Filter>
    </ClInclude>
    <ClInclude Include="includes\sdl\SDL_main.h">
      <Filter>Header Files</Filter>
    </ClInclude>
    <ClInclude Include="includes\sdl\SDL_mouse.h">
      <Filter>Header Files</Filter>
    </ClInclude>
    <ClInclude Include="includes\sdl\SDL_mutex.h">
      <Filter>Header Files</Filter>
    </ClInclude>
    <ClInclude Include="includes\sdl\SDL_name.h">
      <Filter>Header Files</Filter>
    </ClInclude>
    <ClInclude Include="includes\sdl\SDL_opengl.h">
      <Filter>Header Files</Filter>
    </ClInclude>
    <ClInclude Include="includes\sdl\SDL_platform.h">
      <Filter>Header Files</Filter>
    </ClInclude>
    <ClInclude Include="includes\sdl\SDL_quit.h">
      <Filter>Header Files</Filter>
    </ClInclude>
    <ClInclude Include="includes\sdl\SDL_rwops.h">
      <Filter>Header Files</Filter>
    </ClInclude>
    <ClInclude Include="includes\sdl\SDL_stdinc.h">
      <Filter>Header Files</Filter>
    </ClInclude>
    <ClInclude Include="includes\sdl\SDL_syswm.h">
      <Filter>Header Files</Filter>
    </ClInclude>
    <ClInclude Include="includes\sdl\SDL_thread.h">
      <Filter>Header Files</Filter>
    </ClInclude>
    <ClInclude Include="includes\sdl\SDL_timer.h">
      <Filter>Header Files</Filter>
    </ClInclude>
    <ClInclude Include="includes\sdl\SDL_types.h">
      <Filter>Header Files</Filter>
    </ClInclude>
    <ClInclude Include="includes\sdl\SDL_version.h">
      <Filter>Header Files</Filter>
    </ClInclude>
    <ClInclude Include="includes\sdl\SDL_video.h">
      <Filter>Header Files</Filter>
    </ClInclude>
  </ItemGroup>
  <ItemGroup>
    <None Include="font\font.bin">
      <Filter>Resource Files</Filter>
    </None>
    <None Include="src\python\stdlib\test\sgml_input.html" />
    <None Include="src\python\stdlib\test\test_difflib_expect.html" />
  </ItemGroup>
  <ItemGroup>
    <ResourceCompile Include="src\resources\powder-res.rc">
      <Filter>Resource Files</Filter>
    </ResourceCompile>
  </ItemGroup>
</Project>