<?xml version="1.0" encoding="utf-8"?>
<Project ToolsVersion="4.0" xmlns="http://schemas.microsoft.com/developer/msbuild/2003">
  <ItemGroup>
    <Filter Include="Source Files">
      <UniqueIdentifier>{4FC737F1-C7A5-4376-A066-2A32D752A2FF}</UniqueIdentifier>
      <Extensions>cpp;c;cc;cxx;def;odl;idl;hpj;bat;asm;asmx</Extensions>
    </Filter>
    <Filter Include="Header Files">
      <UniqueIdentifier>{93995380-89BD-4b04-88EB-625FBE52EBFB}</UniqueIdentifier>
      <Extensions>h;hh;hpp;hxx;hm;inl;inc;xsd</Extensions>
    </Filter>
    <Filter Include="Resource Files">
      <UniqueIdentifier>{67DA6AB6-F800-4c08-8B7A-83BB121AAD01}</UniqueIdentifier>
      <Extensions>rc;ico;cur;bmp;dlg;rc2;rct;bin;rgs;gif;jpg;jpeg;jpe;resx;tiff;tif;png;wav</Extensions>
    </Filter>
  </ItemGroup>
  <ItemGroup>
    <ClCompile Include="generated\ElementClasses.cpp">
      <Filter>Source Files</Filter>
    </ClCompile>
    <ClCompile Include="generated\ToolClasses.cpp">
      <Filter>Source Files</Filter>
    </ClCompile>
    <ClCompile Include="src\Format.cpp">
      <Filter>Source Files</Filter>
    </ClCompile>
    <ClCompile Include="src\Misc.cpp">
      <Filter>Source Files</Filter>
    </ClCompile>
    <ClCompile Include="src\Platform.cpp">
      <Filter>Source Files</Filter>
    </ClCompile>
    <ClCompile Include="src\PowderToyRenderer.cpp">
      <Filter>Source Files</Filter>
    </ClCompile>
    <ClCompile Include="src\PowderToySDL.cpp">
      <Filter>Source Files</Filter>
    </ClCompile>
    <ClCompile Include="src\Probability.cpp">
      <Filter>Source Files</Filter>
    </ClCompile>
    <ClCompile Include="src\Update.cpp">
      <Filter>Source Files</Filter>
    </ClCompile>
    <ClCompile Include="src\bson\BSON.cpp">
      <Filter>Source Files</Filter>
    </ClCompile>
    <ClCompile Include="src\client\Client.cpp">
      <Filter>Source Files</Filter>
    </ClCompile>
    <ClCompile Include="src\client\GameSave.cpp">
      <Filter>Source Files</Filter>
    </ClCompile>
    <ClCompile Include="src\client\HTTP.cpp">
      <Filter>Source Files</Filter>
    </ClCompile>
    <ClCompile Include="src\client\MD5.cpp">
      <Filter>Source Files</Filter>
    </ClCompile>
    <ClCompile Include="src\client\SaveFile.cpp">
      <Filter>Source Files</Filter>
    </ClCompile>
    <ClCompile Include="src\client\SaveInfo.cpp">
      <Filter>Source Files</Filter>
    </ClCompile>
    <ClCompile Include="src\client\requestbroker\APIRequest.cpp">
      <Filter>Source Files</Filter>
    </ClCompile>
    <ClCompile Include="src\client\requestbroker\ImageRequest.cpp">
      <Filter>Source Files</Filter>
    </ClCompile>
    <ClCompile Include="src\client\requestbroker\RequestBroker.cpp">
      <Filter>Source Files</Filter>
    </ClCompile>
    <ClCompile Include="src\client\requestbroker\ThumbRenderRequest.cpp">
      <Filter>Source Files</Filter>
    </ClCompile>
    <ClCompile Include="src\client\requestbroker\WebRequest.cpp">
      <Filter>Source Files</Filter>
    </ClCompile>
    <ClCompile Include="src\debug\DebugLines.cpp">
      <Filter>Source Files</Filter>
    </ClCompile>
    <ClCompile Include="src\debug\DebugParts.cpp">
      <Filter>Source Files</Filter>
    </ClCompile>
    <ClCompile Include="src\debug\ElementPopulation.cpp">
      <Filter>Source Files</Filter>
    </ClCompile>
    <ClCompile Include="src\graphics\Graphics.cpp">
      <Filter>Source Files</Filter>
    </ClCompile>
    <ClCompile Include="src\graphics\OpenGLGraphics.cpp">
      <Filter>Source Files</Filter>
    </ClCompile>
    <ClCompile Include="src\graphics\RasterGraphics.cpp">
      <Filter>Source Files</Filter>
    </ClCompile>
    <ClCompile Include="src\graphics\Renderer.cpp">
      <Filter>Source Files</Filter>
    </ClCompile>
    <ClCompile Include="src\gui\Style.cpp">
      <Filter>Source Files</Filter>
    </ClCompile>
    <ClCompile Include="src\gui\colourpicker\ColourPickerActivity.cpp">
      <Filter>Source Files</Filter>
    </ClCompile>
    <ClCompile Include="src\gui\console\ConsoleController.cpp">
      <Filter>Source Files</Filter>
    </ClCompile>
    <ClCompile Include="src\gui\console\ConsoleModel.cpp">
      <Filter>Source Files</Filter>
    </ClCompile>
    <ClCompile Include="src\gui\console\ConsoleView.cpp">
      <Filter>Source Files</Filter>
    </ClCompile>
    <ClCompile Include="src\gui\dialogues\ConfirmPrompt.cpp">
      <Filter>Source Files</Filter>
    </ClCompile>
    <ClCompile Include="src\gui\dialogues\ErrorMessage.cpp">
      <Filter>Source Files</Filter>
    </ClCompile>
    <ClCompile Include="src\gui\dialogues\InformationMessage.cpp">
      <Filter>Source Files</Filter>
    </ClCompile>
    <ClCompile Include="src\gui\dialogues\SaveIDMessage.cpp">
      <Filter>Source Files</Filter>
    </ClCompile>
    <ClCompile Include="src\gui\dialogues\TextPrompt.cpp">
      <Filter>Source Files</Filter>
    </ClCompile>
    <ClCompile Include="src\gui\elementsearch\ElementSearchActivity.cpp">
      <Filter>Source Files</Filter>
    </ClCompile>
    <ClCompile Include="src\gui\filebrowser\FileBrowserActivity.cpp">
      <Filter>Source Files</Filter>
    </ClCompile>
    <ClCompile Include="src\gui\game\Brush.cpp">
      <Filter>Source Files</Filter>
    </ClCompile>
    <ClCompile Include="src\gui\game\GameController.cpp">
      <Filter>Source Files</Filter>
    </ClCompile>
    <ClCompile Include="src\gui\game\GameModel.cpp">
      <Filter>Source Files</Filter>
    </ClCompile>
    <ClCompile Include="src\gui\game\GameView.cpp">
      <Filter>Source Files</Filter>
    </ClCompile>
    <ClCompile Include="src\gui\game\PropertyTool.cpp">
      <Filter>Source Files</Filter>
    </ClCompile>
    <ClCompile Include="src\gui\game\SampleTool.cpp">
      <Filter>Source Files</Filter>
    </ClCompile>
    <ClCompile Include="src\gui\game\SignTool.cpp">
      <Filter>Source Files</Filter>
    </ClCompile>
    <ClCompile Include="src\gui\game\Tool.cpp">
      <Filter>Source Files</Filter>
    </ClCompile>
    <ClCompile Include="src\gui\game\ToolButton.cpp">
      <Filter>Source Files</Filter>
    </ClCompile>
    <ClCompile Include="src\gui\interface\Appearance.cpp">
      <Filter>Source Files</Filter>
    </ClCompile>
    <ClCompile Include="src\gui\interface\AvatarButton.cpp">
      <Filter>Source Files</Filter>
    </ClCompile>
    <ClCompile Include="src\gui\interface\Button.cpp">
      <Filter>Source Files</Filter>
    </ClCompile>
    <ClCompile Include="src\gui\interface\Checkbox.cpp">
      <Filter>Source Files</Filter>
    </ClCompile>
    <ClCompile Include="src\gui\interface\Component.cpp">
      <Filter>Source Files</Filter>
    </ClCompile>
    <ClCompile Include="src\gui\interface\ContextMenu.cpp">
      <Filter>Source Files</Filter>
    </ClCompile>
    <ClCompile Include="src\gui\interface\CopyTextButton.cpp">
      <Filter>Source Files</Filter>
    </ClCompile>
    <ClCompile Include="src\gui\interface\DropDown.cpp">
      <Filter>Source Files</Filter>
    </ClCompile>
    <ClCompile Include="src\gui\interface\Engine.cpp">
      <Filter>Source Files</Filter>
    </ClCompile>
    <ClCompile Include="src\gui\interface\Label.cpp">
      <Filter>Source Files</Filter>
    </ClCompile>
    <ClCompile Include="src\gui\interface\Panel.cpp">
      <Filter>Source Files</Filter>
    </ClCompile>
    <ClCompile Include="src\gui\interface\ProgressBar.cpp">
      <Filter>Source Files</Filter>
    </ClCompile>
    <ClCompile Include="src\gui\interface\RichLabel.cpp">
      <Filter>Source Files</Filter>
    </ClCompile>
    <ClCompile Include="src\gui\interface\SaveButton.cpp">
      <Filter>Source Files</Filter>
    </ClCompile>
    <ClCompile Include="src\gui\interface\ScrollPanel.cpp">
      <Filter>Source Files</Filter>
    </ClCompile>
    <ClCompile Include="src\gui\interface\Slider.cpp">
      <Filter>Source Files</Filter>
    </ClCompile>
    <ClCompile Include="src\gui\interface\Spinner.cpp">
      <Filter>Source Files</Filter>
    </ClCompile>
    <ClCompile Include="src\gui\interface\Textbox.cpp">
      <Filter>Source Files</Filter>
    </ClCompile>
    <ClCompile Include="src\gui\interface\Window.cpp">
      <Filter>Source Files</Filter>
    </ClCompile>
    <ClCompile Include="src\gui\localbrowser\LocalBrowserController.cpp">
      <Filter>Source Files</Filter>
    </ClCompile>
    <ClCompile Include="src\gui\localbrowser\LocalBrowserModel.cpp">
      <Filter>Source Files</Filter>
    </ClCompile>
    <ClCompile Include="src\gui\localbrowser\LocalBrowserView.cpp">
      <Filter>Source Files</Filter>
    </ClCompile>
    <ClCompile Include="src\gui\login\LoginController.cpp">
      <Filter>Source Files</Filter>
    </ClCompile>
    <ClCompile Include="src\gui\login\LoginModel.cpp">
      <Filter>Source Files</Filter>
    </ClCompile>
    <ClCompile Include="src\gui\login\LoginView.cpp">
      <Filter>Source Files</Filter>
    </ClCompile>
    <ClCompile Include="src\gui\options\OptionsController.cpp">
      <Filter>Source Files</Filter>
    </ClCompile>
    <ClCompile Include="src\gui\options\OptionsModel.cpp">
      <Filter>Source Files</Filter>
    </ClCompile>
    <ClCompile Include="src\gui\options\OptionsView.cpp">
      <Filter>Source Files</Filter>
    </ClCompile>
    <ClCompile Include="src\gui\preview\PreviewController.cpp">
      <Filter>Source Files</Filter>
    </ClCompile>
    <ClCompile Include="src\gui\preview\PreviewModel.cpp">
      <Filter>Source Files</Filter>
    </ClCompile>
    <ClCompile Include="src\gui\preview\PreviewView.cpp">
      <Filter>Source Files</Filter>
    </ClCompile>
    <ClCompile Include="src\gui\profile\ProfileActivity.cpp">
      <Filter>Source Files</Filter>
    </ClCompile>
    <ClCompile Include="src\gui\render\RenderController.cpp">
      <Filter>Source Files</Filter>
    </ClCompile>
    <ClCompile Include="src\gui\render\RenderModel.cpp">
      <Filter>Source Files</Filter>
    </ClCompile>
    <ClCompile Include="src\gui\render\RenderView.cpp">
      <Filter>Source Files</Filter>
    </ClCompile>
    <ClCompile Include="src\gui\save\LocalSaveActivity.cpp">
      <Filter>Source Files</Filter>
    </ClCompile>
    <ClCompile Include="src\gui\save\ServerSaveActivity.cpp">
      <Filter>Source Files</Filter>
    </ClCompile>
    <ClCompile Include="src\gui\search\SearchController.cpp">
      <Filter>Source Files</Filter>
    </ClCompile>
    <ClCompile Include="src\gui\search\SearchModel.cpp">
      <Filter>Source Files</Filter>
    </ClCompile>
    <ClCompile Include="src\gui\search\SearchView.cpp">
      <Filter>Source Files</Filter>
    </ClCompile>
    <ClCompile Include="src\gui\search\Thumbnail.cpp">
      <Filter>Source Files</Filter>
    </ClCompile>
    <ClCompile Include="src\gui\tags\TagsController.cpp">
      <Filter>Source Files</Filter>
    </ClCompile>
    <ClCompile Include="src\gui\tags\TagsModel.cpp">
      <Filter>Source Files</Filter>
    </ClCompile>
    <ClCompile Include="src\gui\tags\TagsView.cpp">
      <Filter>Source Files</Filter>
    </ClCompile>
    <ClCompile Include="src\gui\update\UpdateActivity.cpp">
      <Filter>Source Files</Filter>
    </ClCompile>
    <ClCompile Include="src\json\jsoncpp.cpp">
      <Filter>Source Files</Filter>
    </ClCompile>
    <ClCompile Include="src\lua\CommandInterface.cpp">
      <Filter>Source Files</Filter>
    </ClCompile>
    <ClCompile Include="src\lua\LegacyLuaAPI.cpp">
      <Filter>Source Files</Filter>
    </ClCompile>
    <ClCompile Include="src\lua\LuaBit.cpp">
      <Filter>Source Files</Filter>
    </ClCompile>
    <ClCompile Include="src\lua\LuaButton.cpp">
      <Filter>Source Files</Filter>
    </ClCompile>
    <ClCompile Include="src\lua\LuaCheckbox.cpp">
      <Filter>Source Files</Filter>
    </ClCompile>
    <ClCompile Include="src\lua\LuaComponent.cpp">
      <Filter>Source Files</Filter>
    </ClCompile>
    <ClCompile Include="src\lua\LuaLabel.cpp">
      <Filter>Source Files</Filter>
    </ClCompile>
    <ClCompile Include="src\lua\LuaProgressBar.cpp">
      <Filter>Source Files</Filter>
    </ClCompile>
    <ClCompile Include="src\lua\LuaScriptInterface.cpp">
      <Filter>Source Files</Filter>
    </ClCompile>
    <ClCompile Include="src\lua\LuaSlider.cpp">
      <Filter>Source Files</Filter>
    </ClCompile>
    <ClCompile Include="src\lua\LuaTextbox.cpp">
      <Filter>Source Files</Filter>
    </ClCompile>
    <ClCompile Include="src\lua\LuaWindow.cpp">
      <Filter>Source Files</Filter>
    </ClCompile>
    <ClCompile Include="src\lua\TPTScriptInterface.cpp">
      <Filter>Source Files</Filter>
    </ClCompile>
    <ClCompile Include="src\lua\TPTSTypes.cpp">
      <Filter>Source Files</Filter>
    </ClCompile>
    <ClCompile Include="src\lua\LuaCompat.c">
      <Filter>Source Files</Filter>
    </ClCompile>
    <ClCompile Include="src\lua\socket\socket.lua.cpp">
      <Filter>Source Files</Filter>
    </ClCompile>
    <ClCompile Include="src\lua\socket\auxiliar.c">
      <Filter>Source Files</Filter>
    </ClCompile>
    <ClCompile Include="src\lua\socket\buffer.c">
      <Filter>Source Files</Filter>
    </ClCompile>
    <ClCompile Include="src\lua\socket\except.c">
      <Filter>Source Files</Filter>
    </ClCompile>
    <ClCompile Include="src\lua\socket\inet.c">
      <Filter>Source Files</Filter>
    </ClCompile>
    <ClCompile Include="src\lua\socket\io.c">
      <Filter>Source Files</Filter>
    </ClCompile>
    <ClCompile Include="src\lua\socket\luasocket.c">
      <Filter>Source Files</Filter>
    </ClCompile>
    <ClCompile Include="src\lua\socket\options.c">
      <Filter>Source Files</Filter>
    </ClCompile>
    <ClCompile Include="src\lua\socket\select.c">
      <Filter>Source Files</Filter>
    </ClCompile>
    <ClCompile Include="src\lua\socket\tcp.c">
      <Filter>Source Files</Filter>
    </ClCompile>
    <ClCompile Include="src\lua\socket\timeout.c">
      <Filter>Source Files</Filter>
    </ClCompile>
    <ClCompile Include="src\lua\socket\udp.c">
      <Filter>Source Files</Filter>
    </ClCompile>
    <ClCompile Include="src\lua\socket\unix.c">
      <Filter>Source Files</Filter>
    </ClCompile>
    <ClCompile Include="src\lua\socket\usocket.c">
      <Filter>Source Files</Filter>
    </ClCompile>
    <ClCompile Include="src\lua\socket\wsocket.c">
      <Filter>Source Files</Filter>
    </ClCompile>
    <ClCompile Include="src\powdertoyjava\OpenGLCanvasWin32.cpp">
      <Filter>Source Files</Filter>
    </ClCompile>
    <ClCompile Include="src\powdertoyjava\PowderToyJava.cpp">
      <Filter>Source Files</Filter>
    </ClCompile>
    <ClCompile Include="src\resampler\resampler.cpp">
      <Filter>Source Files</Filter>
    </ClCompile>
    <ClCompile Include="src\simulation\Air.cpp">
      <Filter>Source Files</Filter>
    </ClCompile>
    <ClCompile Include="src\simulation\Gravity.cpp">
      <Filter>Source Files</Filter>
    </ClCompile>
    <ClCompile Include="src\simulation\Particle.cpp">
      <Filter>Source Files</Filter>
    </ClCompile>
    <ClCompile Include="src\simulation\SaveRenderer.cpp">
      <Filter>Source Files</Filter>
    </ClCompile>
    <ClCompile Include="src\simulation\Sign.cpp">
      <Filter>Source Files</Filter>
    </ClCompile>
    <ClCompile Include="src\simulation\Simulation.cpp">
      <Filter>Source Files</Filter>
    </ClCompile>
    <ClCompile Include="src\simulation\SimulationData.cpp">
      <Filter>Source Files</Filter>
    </ClCompile>
    <ClCompile Include="src\simulation\elements\116.cpp">
      <Filter>Source Files</Filter>
    </ClCompile>
    <ClCompile Include="src\simulation\elements\146.cpp">
      <Filter>Source Files</Filter>
    </ClCompile>
    <ClCompile Include="src\simulation\elements\ACEL.cpp">
      <Filter>Source Files</Filter>
    </ClCompile>
    <ClCompile Include="src\simulation\elements\ACID.cpp">
      <Filter>Source Files</Filter>
    </ClCompile>
    <ClCompile Include="src\simulation\elements\AMTR.cpp">
      <Filter>Source Files</Filter>
    </ClCompile>
    <ClCompile Include="src\simulation\elements\ANAR.cpp">
      <Filter>Source Files</Filter>
    </ClCompile>
    <ClCompile Include="src\simulation\elements\ARAY.cpp">
      <Filter>Source Files</Filter>
    </ClCompile>
    <ClCompile Include="src\simulation\elements\BANG.cpp">
      <Filter>Source Files</Filter>
    </ClCompile>
    <ClCompile Include="src\simulation\elements\BCLN.cpp">
      <Filter>Source Files</Filter>
    </ClCompile>
    <ClCompile Include="src\simulation\elements\BCOL.cpp">
      <Filter>Source Files</Filter>
    </ClCompile>
    <ClCompile Include="src\simulation\elements\BGLA.cpp">
      <Filter>Source Files</Filter>
    </ClCompile>
    <ClCompile Include="src\simulation\elements\BHOL.cpp">
      <Filter>Source Files</Filter>
    </ClCompile>
    <ClCompile Include="src\simulation\elements\BIZR.cpp">
      <Filter>Source Files</Filter>
    </ClCompile>
    <ClCompile Include="src\simulation\elements\BIZRG.cpp">
      <Filter>Source Files</Filter>
    </ClCompile>
    <ClCompile Include="src\simulation\elements\BIZRS.cpp">
      <Filter>Source Files</Filter>
    </ClCompile>
    <ClCompile Include="src\simulation\elements\BMTL.cpp">
      <Filter>Source Files</Filter>
    </ClCompile>
    <ClCompile Include="src\simulation\elements\BOMB.cpp">
      <Filter>Source Files</Filter>
    </ClCompile>
    <ClCompile Include="src\simulation\elements\BOYL.cpp">
      <Filter>Source Files</Filter>
    </ClCompile>
    <ClCompile Include="src\simulation\elements\BRAY.cpp">
      <Filter>Source Files</Filter>
    </ClCompile>
    <ClCompile Include="src\simulation\elements\BRCK.cpp">
      <Filter>Source Files</Filter>
    </ClCompile>
    <ClCompile Include="src\simulation\elements\BREC.cpp">
      <Filter>Source Files</Filter>
    </ClCompile>
    <ClCompile Include="src\simulation\elements\BRMT.cpp">
      <Filter>Source Files</Filter>
    </ClCompile>
    <ClCompile Include="src\simulation\elements\BTRY.cpp">
      <Filter>Source Files</Filter>
    </ClCompile>
    <ClCompile Include="src\simulation\elements\BVBR.cpp">
      <Filter>Source Files</Filter>
    </ClCompile>
    <ClCompile Include="src\simulation\elements\C5.cpp">
      <Filter>Source Files</Filter>
    </ClCompile>
    <ClCompile Include="src\simulation\elements\CAUS.cpp">
      <Filter>Source Files</Filter>
    </ClCompile>
    <ClCompile Include="src\simulation\elements\CBNW.cpp">
      <Filter>Source Files</Filter>
    </ClCompile>
    <ClCompile Include="src\simulation\elements\CFLM.cpp">
      <Filter>Source Files</Filter>
    </ClCompile>
    <ClCompile Include="src\simulation\elements\CLNE.cpp">
      <Filter>Source Files</Filter>
    </ClCompile>
    <ClCompile Include="src\simulation\elements\CLST.cpp">
      <Filter>Source Files</Filter>
    </ClCompile>
    <ClCompile Include="src\simulation\elements\CNCT.cpp">
      <Filter>Source Files</Filter>
    </ClCompile>
    <ClCompile Include="src\simulation\elements\CO2.cpp">
      <Filter>Source Files</Filter>
    </ClCompile>
    <ClCompile Include="src\simulation\elements\COAL.cpp">
      <Filter>Source Files</Filter>
    </ClCompile>
    <ClCompile Include="src\simulation\elements\CONV.cpp">
      <Filter>Source Files</Filter>
    </ClCompile>
    <ClCompile Include="src\simulation\elements\CRAY.cpp">
      <Filter>Source Files</Filter>
    </ClCompile>
    <ClCompile Include="src\simulation\elements\CRMC.cpp">
      <Filter>Source Files</Filter>
    </ClCompile>
    <ClCompile Include="src\simulation\elements\DCEL.cpp">
      <Filter>Source Files</Filter>
    </ClCompile>
    <ClCompile Include="src\simulation\elements\DESL.cpp">
      <Filter>Source Files</Filter>
    </ClCompile>
    <ClCompile Include="src\simulation\elements\DEST.cpp">
      <Filter>Source Files</Filter>
    </ClCompile>
    <ClCompile Include="src\simulation\elements\DEUT.cpp">
      <Filter>Source Files</Filter>
    </ClCompile>
    <ClCompile Include="src\simulation\elements\DLAY.cpp">
      <Filter>Source Files</Filter>
    </ClCompile>
    <ClCompile Include="src\simulation\elements\DMG.cpp">
      <Filter>Source Files</Filter>
    </ClCompile>
    <ClCompile Include="src\simulation\elements\DMND.cpp">
      <Filter>Source Files</Filter>
    </ClCompile>
    <ClCompile Include="src\simulation\elements\DRAY.cpp">
      <Filter>Source Files</Filter>
    </ClCompile>
    <ClCompile Include="src\simulation\elements\DRIC.cpp">
      <Filter>Source Files</Filter>
    </ClCompile>
    <ClCompile Include="src\simulation\elements\DSTW.cpp">
      <Filter>Source Files</Filter>
    </ClCompile>
    <ClCompile Include="src\simulation\elements\DTEC.cpp">
      <Filter>Source Files</Filter>
    </ClCompile>
    <ClCompile Include="src\simulation\elements\DUST.cpp">
      <Filter>Source Files</Filter>
    </ClCompile>
    <ClCompile Include="src\simulation\elements\DYST.cpp">
      <Filter>Source Files</Filter>
    </ClCompile>
    <ClCompile Include="src\simulation\elements\ELEC.cpp">
      <Filter>Source Files</Filter>
    </ClCompile>
    <ClCompile Include="src\simulation\elements\Element.cpp">
      <Filter>Source Files</Filter>
    </ClCompile>
    <ClCompile Include="src\simulation\elements\EMBR.cpp">
      <Filter>Source Files</Filter>
    </ClCompile>
    <ClCompile Include="src\simulation\elements\EMP.cpp">
      <Filter>Source Files</Filter>
    </ClCompile>
    <ClCompile Include="src\simulation\elements\ETRD.cpp">
      <Filter>Source Files</Filter>
    </ClCompile>
    <ClCompile Include="src\simulation\elements\EXOT.cpp">
      <Filter>Source Files</Filter>
    </ClCompile>
    <ClCompile Include="src\simulation\elements\FIGH.cpp">
      <Filter>Source Files</Filter>
    </ClCompile>
    <ClCompile Include="src\simulation\elements\FILT.cpp">
      <Filter>Source Files</Filter>
    </ClCompile>
    <ClCompile Include="src\simulation\elements\FIRE.cpp">
      <Filter>Source Files</Filter>
    </ClCompile>
    <ClCompile Include="src\simulation\elements\FIRW.cpp">
      <Filter>Source Files</Filter>
    </ClCompile>
    <ClCompile Include="src\simulation\elements\FOG.cpp">
      <Filter>Source Files</Filter>
    </ClCompile>
    <ClCompile Include="src\simulation\elements\FRAY.cpp">
      <Filter>Source Files</Filter>
    </ClCompile>
    <ClCompile Include="src\simulation\elements\FRME.cpp">
      <Filter>Source Files</Filter>
    </ClCompile>
    <ClCompile Include="src\simulation\elements\FRZW.cpp">
      <Filter>Source Files</Filter>
    </ClCompile>
    <ClCompile Include="src\simulation\elements\FRZZ.cpp">
      <Filter>Source Files</Filter>
    </ClCompile>
    <ClCompile Include="src\simulation\elements\FSEP.cpp">
      <Filter>Source Files</Filter>
    </ClCompile>
    <ClCompile Include="src\simulation\elements\FUSE.cpp">
      <Filter>Source Files</Filter>
    </ClCompile>
    <ClCompile Include="src\simulation\elements\FWRK.cpp">
      <Filter>Source Files</Filter>
    </ClCompile>
    <ClCompile Include="src\simulation\elements\GAS.cpp">
      <Filter>Source Files</Filter>
    </ClCompile>
    <ClCompile Include="src\simulation\elements\GBMB.cpp">
      <Filter>Source Files</Filter>
    </ClCompile>
    <ClCompile Include="src\simulation\elements\GEL.cpp">
      <Filter>Source Files</Filter>
    </ClCompile>
    <ClCompile Include="src\simulation\elements\GLAS.cpp">
      <Filter>Source Files</Filter>
    </ClCompile>
    <ClCompile Include="src\simulation\elements\GLOW.cpp">
      <Filter>Source Files</Filter>
    </ClCompile>
    <ClCompile Include="src\simulation\elements\GOLD.cpp">
      <Filter>Source Files</Filter>
    </ClCompile>
    <ClCompile Include="src\simulation\elements\GOO.cpp">
      <Filter>Source Files</Filter>
    </ClCompile>
    <ClCompile Include="src\simulation\elements\GPMP.cpp">
      <Filter>Source Files</Filter>
    </ClCompile>
    <ClCompile Include="src\simulation\elements\GRAV.cpp">
      <Filter>Source Files</Filter>
    </ClCompile>
    <ClCompile Include="src\simulation\elements\GRVT.cpp">
      <Filter>Source Files</Filter>
    </ClCompile>
    <ClCompile Include="src\simulation\elements\GUNP.cpp">
      <Filter>Source Files</Filter>
    </ClCompile>
    <ClCompile Include="src\simulation\elements\H2.cpp">
      <Filter>Source Files</Filter>
    </ClCompile>
    <ClCompile Include="src\simulation\elements\HSWC.cpp">
      <Filter>Source Files</Filter>
    </ClCompile>
    <ClCompile Include="src\simulation\elements\ICEI.cpp">
      <Filter>Source Files</Filter>
    </ClCompile>
    <ClCompile Include="src\simulation\elements\IGNT.cpp">
      <Filter>Source Files</Filter>
    </ClCompile>
    <ClCompile Include="src\simulation\elements\INSL.cpp">
      <Filter>Source Files</Filter>
    </ClCompile>
    <ClCompile Include="src\simulation\elements\INST.cpp">
      <Filter>Source Files</Filter>
    </ClCompile>
    <ClCompile Include="src\simulation\elements\INVIS.cpp">
      <Filter>Source Files</Filter>
    </ClCompile>
    <ClCompile Include="src\simulation\elements\INWR.cpp">
      <Filter>Source Files</Filter>
    </ClCompile>
    <ClCompile Include="src\simulation\elements\IRON.cpp">
      <Filter>Source Files</Filter>
    </ClCompile>
    <ClCompile Include="src\simulation\elements\ISOZ.cpp">
      <Filter>Source Files</Filter>
    </ClCompile>
    <ClCompile Include="src\simulation\elements\ISZS.cpp">
      <Filter>Source Files</Filter>
    </ClCompile>
    <ClCompile Include="src\simulation\elements\LAVA.cpp">
      <Filter>Source Files</Filter>
    </ClCompile>
    <ClCompile Include="src\simulation\elements\LCRY.cpp">
      <Filter>Source Files</Filter>
    </ClCompile>
    <ClCompile Include="src\simulation\elements\LIFE.cpp">
      <Filter>Source Files</Filter>
    </ClCompile>
    <ClCompile Include="src\simulation\elements\LIGH.cpp">
      <Filter>Source Files</Filter>
    </ClCompile>
    <ClCompile Include="src\simulation\elements\LNTG.cpp">
      <Filter>Source Files</Filter>
    </ClCompile>
    <ClCompile Include="src\simulation\elements\LO2.cpp">
      <Filter>Source Files</Filter>
    </ClCompile>
    <ClCompile Include="src\simulation\elements\LOLZ.cpp">
      <Filter>Source Files</Filter>
    </ClCompile>
    <ClCompile Include="src\simulation\elements\LOVE.cpp">
      <Filter>Source Files</Filter>
    </ClCompile>
    <ClCompile Include="src\simulation\elements\LRBD.cpp">
      <Filter>Source Files</Filter>
    </ClCompile>
    <ClCompile Include="src\simulation\elements\MERC.cpp">
      <Filter>Source Files</Filter>
    </ClCompile>
    <ClCompile Include="src\simulation\elements\METL.cpp">
      <Filter>Source Files</Filter>
    </ClCompile>
    <ClCompile Include="src\simulation\elements\MORT.cpp">
      <Filter>Source Files</Filter>
    </ClCompile>
    <ClCompile Include="src\simulation\elements\MWAX.cpp">
      <Filter>Source Files</Filter>
    </ClCompile>
    <ClCompile Include="src\simulation\elements\NBHL.cpp">
      <Filter>Source Files</Filter>
    </ClCompile>
    <ClCompile Include="src\simulation\elements\NBLE.cpp">
      <Filter>Source Files</Filter>
    </ClCompile>
    <ClCompile Include="src\simulation\elements\NEUT.cpp">
      <Filter>Source Files</Filter>
    </ClCompile>
    <ClCompile Include="src\simulation\elements\NICE.cpp">
      <Filter>Source Files</Filter>
    </ClCompile>
    <ClCompile Include="src\simulation\elements\NITR.cpp">
      <Filter>Source Files</Filter>
    </ClCompile>
    <ClCompile Include="src\simulation\elements\NONE.cpp">
      <Filter>Source Files</Filter>
    </ClCompile>
    <ClCompile Include="src\simulation\elements\NSCN.cpp">
      <Filter>Source Files</Filter>
    </ClCompile>
    <ClCompile Include="src\simulation\elements\NTCT.cpp">
      <Filter>Source Files</Filter>
    </ClCompile>
    <ClCompile Include="src\simulation\elements\NWHL.cpp">
      <Filter>Source Files</Filter>
    </ClCompile>
    <ClCompile Include="src\simulation\elements\O2.cpp">
      <Filter>Source Files</Filter>
    </ClCompile>
    <ClCompile Include="src\simulation\elements\OIL.cpp">
      <Filter>Source Files</Filter>
    </ClCompile>
    <ClCompile Include="src\simulation\elements\PBCN.cpp">
      <Filter>Source Files</Filter>
    </ClCompile>
    <ClCompile Include="src\simulation\elements\PCLN.cpp">
      <Filter>Source Files</Filter>
    </ClCompile>
    <ClCompile Include="src\simulation\elements\PHOT.cpp">
      <Filter>Source Files</Filter>
    </ClCompile>
    <ClCompile Include="src\simulation\elements\PIPE.cpp">
      <Filter>Source Files</Filter>
    </ClCompile>
    <ClCompile Include="src\simulation\elements\PLEX.cpp">
      <Filter>Source Files</Filter>
    </ClCompile>
    <ClCompile Include="src\simulation\elements\PLNT.cpp">
      <Filter>Source Files</Filter>
    </ClCompile>
    <ClCompile Include="src\simulation\elements\PLSM.cpp">
      <Filter>Source Files</Filter>
    </ClCompile>
    <ClCompile Include="src\simulation\elements\PLUT.cpp">
      <Filter>Source Files</Filter>
    </ClCompile>
    <ClCompile Include="src\simulation\elements\PPIP.cpp">
      <Filter>Source Files</Filter>
    </ClCompile>
    <ClCompile Include="src\simulation\elements\PQRT.cpp">
      <Filter>Source Files</Filter>
    </ClCompile>
    <ClCompile Include="src\simulation\elements\PROT.cpp">
      <Filter>Source Files</Filter>
    </ClCompile>
    <ClCompile Include="src\simulation\elements\PRTI.cpp">
      <Filter>Source Files</Filter>
    </ClCompile>
    <ClCompile Include="src\simulation\elements\PRTO.cpp">
      <Filter>Source Files</Filter>
    </ClCompile>
    <ClCompile Include="src\simulation\elements\PSCN.cpp">
      <Filter>Source Files</Filter>
    </ClCompile>
    <ClCompile Include="src\simulation\elements\PSNS.cpp">
      <Filter>Source Files</Filter>
    </ClCompile>
    <ClCompile Include="src\simulation\elements\PSTE.cpp">
      <Filter>Source Files</Filter>
    </ClCompile>
    <ClCompile Include="src\simulation\elements\PSTN.cpp">
      <Filter>Source Files</Filter>
    </ClCompile>
    <ClCompile Include="src\simulation\elements\PSTS.cpp">
      <Filter>Source Files</Filter>
    </ClCompile>
    <ClCompile Include="src\simulation\elements\PTCT.cpp">
      <Filter>Source Files</Filter>
    </ClCompile>
    <ClCompile Include="src\simulation\elements\PUMP.cpp">
      <Filter>Source Files</Filter>
    </ClCompile>
    <ClCompile Include="src\simulation\elements\PVOD.cpp">
      <Filter>Source Files</Filter>
    </ClCompile>
    <ClCompile Include="src\simulation\elements\QRTZ.cpp">
      <Filter>Source Files</Filter>
    </ClCompile>
    <ClCompile Include="src\simulation\elements\RBDM.cpp">
      <Filter>Source Files</Filter>
    </ClCompile>
    <ClCompile Include="src\simulation\elements\RIME.cpp">
      <Filter>Source Files</Filter>
    </ClCompile>
    <ClCompile Include="src\simulation\elements\RPEL.cpp">
      <Filter>Source Files</Filter>
    </ClCompile>
    <ClCompile Include="src\simulation\elements\SALT.cpp">
      <Filter>Source Files</Filter>
    </ClCompile>
    <ClCompile Include="src\simulation\elements\SAND.cpp">
      <Filter>Source Files</Filter>
    </ClCompile>
    <ClCompile Include="src\simulation\elements\SHLD1.cpp">
      <Filter>Source Files</Filter>
    </ClCompile>
    <ClCompile Include="src\simulation\elements\SHLD2.cpp">
      <Filter>Source Files</Filter>
    </ClCompile>
    <ClCompile Include="src\simulation\elements\SHLD3.cpp">
      <Filter>Source Files</Filter>
    </ClCompile>
    <ClCompile Include="src\simulation\elements\SHLD4.cpp">
      <Filter>Source Files</Filter>
    </ClCompile>
    <ClCompile Include="src\simulation\elements\SING.cpp">
      <Filter>Source Files</Filter>
    </ClCompile>
    <ClCompile Include="src\simulation\elements\SLTW.cpp">
      <Filter>Source Files</Filter>
    </ClCompile>
    <ClCompile Include="src\simulation\elements\SMKE.cpp">
      <Filter>Source Files</Filter>
    </ClCompile>
    <ClCompile Include="src\simulation\elements\SNOW.cpp">
      <Filter>Source Files</Filter>
    </ClCompile>
    <ClCompile Include="src\simulation\elements\SOAP.cpp">
      <Filter>Source Files</Filter>
    </ClCompile>
    <ClCompile Include="src\simulation\elements\SPAWN.cpp">
      <Filter>Source Files</Filter>
    </ClCompile>
    <ClCompile Include="src\simulation\elements\SPAWN2.cpp">
      <Filter>Source Files</Filter>
    </ClCompile>
    <ClCompile Include="src\simulation\elements\SPNG.cpp">
      <Filter>Source Files</Filter>
    </ClCompile>
    <ClCompile Include="src\simulation\elements\SPRK.cpp">
      <Filter>Source Files</Filter>
    </ClCompile>
    <ClCompile Include="src\simulation\elements\STKM.cpp">
      <Filter>Source Files</Filter>
    </ClCompile>
    <ClCompile Include="src\simulation\elements\STKM2.cpp">
      <Filter>Source Files</Filter>
    </ClCompile>
    <ClCompile Include="src\simulation\elements\STNE.cpp">
      <Filter>Source Files</Filter>
    </ClCompile>
    <ClCompile Include="src\simulation\elements\STOR.cpp">
      <Filter>Source Files</Filter>
    </ClCompile>
    <ClCompile Include="src\simulation\elements\SWCH.cpp">
      <Filter>Source Files</Filter>
    </ClCompile>
    <ClCompile Include="src\simulation\elements\TESC.cpp">
      <Filter>Source Files</Filter>
    </ClCompile>
    <ClCompile Include="src\simulation\elements\THDR.cpp">
      <Filter>Source Files</Filter>
    </ClCompile>
    <ClCompile Include="src\simulation\elements\THRM.cpp">
      <Filter>Source Files</Filter>
    </ClCompile>
    <ClCompile Include="src\simulation\elements\TRON.cpp">
      <Filter>Source Files</Filter>
    </ClCompile>
    <ClCompile Include="src\simulation\elements\TSNS.cpp">
      <Filter>Source Files</Filter>
    </ClCompile>
    <ClCompile Include="src\simulation\elements\TTAN.cpp">
      <Filter>Source Files</Filter>
    </ClCompile>
    <ClCompile Include="src\simulation\elements\TUNG.cpp">
      <Filter>Source Files</Filter>
    </ClCompile>
    <ClCompile Include="src\simulation\elements\URAN.cpp">
      <Filter>Source Files</Filter>
    </ClCompile>
    <ClCompile Include="src\simulation\elements\VIBR.cpp">
      <Filter>Source Files</Filter>
    </ClCompile>
    <ClCompile Include="src\simulation\elements\VINE.cpp">
      <Filter>Source Files</Filter>
    </ClCompile>
    <ClCompile Include="src\simulation\elements\VIRS.cpp">
      <Filter>Source Files</Filter>
    </ClCompile>
    <ClCompile Include="src\simulation\elements\VOID.cpp">
      <Filter>Source Files</Filter>
    </ClCompile>
    <ClCompile Include="src\simulation\elements\VRSG.cpp">
      <Filter>Source Files</Filter>
    </ClCompile>
    <ClCompile Include="src\simulation\elements\VRSS.cpp">
      <Filter>Source Files</Filter>
    </ClCompile>
    <ClCompile Include="src\simulation\elements\WARP.cpp">
      <Filter>Source Files</Filter>
    </ClCompile>
    <ClCompile Include="src\simulation\elements\WATR.cpp">
      <Filter>Source Files</Filter>
    </ClCompile>
    <ClCompile Include="src\simulation\elements\WAX.cpp">
      <Filter>Source Files</Filter>
    </ClCompile>
    <ClCompile Include="src\simulation\elements\WHOL.cpp">
      <Filter>Source Files</Filter>
    </ClCompile>
    <ClCompile Include="src\simulation\elements\WIFI.cpp">
      <Filter>Source Files</Filter>
    </ClCompile>
    <ClCompile Include="src\simulation\elements\WIRE.cpp">
      <Filter>Source Files</Filter>
    </ClCompile>
    <ClCompile Include="src\simulation\elements\WOOD.cpp">
      <Filter>Source Files</Filter>
    </ClCompile>
    <ClCompile Include="src\simulation\elements\WTRV.cpp">
      <Filter>Source Files</Filter>
    </ClCompile>
    <ClCompile Include="src\simulation\elements\YEST.cpp">
      <Filter>Source Files</Filter>
    </ClCompile>
    <ClCompile Include="src\simulation\simtools\AirTool.cpp">
      <Filter>Source Files</Filter>
    </ClCompile>
    <ClCompile Include="src\simulation\simtools\Cool.cpp">
      <Filter>Source Files</Filter>
    </ClCompile>
    <ClCompile Include="src\simulation\simtools\Heat.cpp">
      <Filter>Source Files</Filter>
    </ClCompile>
    <ClCompile Include="src\simulation\simtools\NGrv.cpp">
      <Filter>Source Files</Filter>
    </ClCompile>
    <ClCompile Include="src\simulation\simtools\PGrv.cpp">
      <Filter>Source Files</Filter>
    </ClCompile>
    <ClCompile Include="src\simulation\simtools\SimTool.cpp">
      <Filter>Source Files</Filter>
    </ClCompile>
    <ClCompile Include="src\simulation\simtools\Vac.cpp">
      <Filter>Source Files</Filter>
    </ClCompile>
    <ClCompile Include="src\tasks\Task.cpp">
      <Filter>Source Files</Filter>
    </ClCompile>
    <ClCompile Include="src\tasks\TaskWindow.cpp">
      <Filter>Source Files</Filter>
    </ClCompile>
  </ItemGroup>
  <ItemGroup>
    <ClInclude Include="data\font.h">
      <Filter>Header Files</Filter>
    </ClInclude>
    <ClInclude Include="data\hmap.h">
      <Filter>Header Files</Filter>
    </ClInclude>
    <ClInclude Include="data\icon.h">
      <Filter>Header Files</Filter>
    </ClInclude>
    <ClInclude Include="data\icondoc.h">
      <Filter>Header Files</Filter>
    </ClInclude>
    <ClInclude Include="data\images.h">
      <Filter>Header Files</Filter>
    </ClInclude>
    <ClInclude Include="data\IntroText.h">
      <Filter>Header Files</Filter>
    </ClInclude>
    <ClInclude Include="data\Shaders.h">
      <Filter>Header Files</Filter>
    </ClInclude>
    <ClInclude Include="generated\ElementClasses.h">
      <Filter>Header Files</Filter>
    </ClInclude>
    <ClInclude Include="generated\ToolClasses.h">
      <Filter>Header Files</Filter>
    </ClInclude>
    <ClInclude Include="includes\bzlib.h">
      <Filter>Header Files</Filter>
    </ClInclude>
    <ClInclude Include="includes\dirent.h">
      <Filter>Header Files</Filter>
    </ClInclude>
    <ClInclude Include="includes\fftw3.h">
      <Filter>Header Files</Filter>
    </ClInclude>
    <ClInclude Include="includes\pthread.h">
      <Filter>Header Files</Filter>
    </ClInclude>
    <ClInclude Include="includes\regex.h">
      <Filter>Header Files</Filter>
    </ClInclude>
    <ClInclude Include="includes\sched.h">
      <Filter>Header Files</Filter>
    </ClInclude>
    <ClInclude Include="includes\zconf.h">
      <Filter>Header Files</Filter>
    </ClInclude>
    <ClInclude Include="includes\zlib.h">
      <Filter>Header Files</Filter>
    </ClInclude>
    <ClInclude Include="includes\lua5.1\lauxlib.h">
      <Filter>Header Files</Filter>
    </ClInclude>
    <ClInclude Include="includes\lua5.1\lua.h">
      <Filter>Header Files</Filter>
    </ClInclude>
    <ClInclude Include="includes\lua5.1\luaconf.h">
      <Filter>Header Files</Filter>
    </ClInclude>
    <ClInclude Include="includes\lua5.1\lualib.h">
      <Filter>Header Files</Filter>
    </ClInclude>
    <ClInclude Include="includes\lua5.2\lauxlib.h">
      <Filter>Header Files</Filter>
    </ClInclude>
    <ClInclude Include="includes\lua5.2\lua.h">
      <Filter>Header Files</Filter>
    </ClInclude>
    <ClInclude Include="includes\lua5.2\luaconf.h">
      <Filter>Header Files</Filter>
    </ClInclude>
    <ClInclude Include="includes\lua5.2\lualib.h">
      <Filter>Header Files</Filter>
    </ClInclude>
    <ClInclude Include="includes\sdl\begin_code.h">
      <Filter>Header Files</Filter>
    </ClInclude>
    <ClInclude Include="includes\sdl\close_code.h">
      <Filter>Header Files</Filter>
    </ClInclude>
    <ClInclude Include="includes\sdl\SDL.h">
      <Filter>Header Files</Filter>
    </ClInclude>
    <ClInclude Include="includes\sdl\SDL_active.h">
      <Filter>Header Files</Filter>
    </ClInclude>
    <ClInclude Include="includes\sdl\SDL_audio.h">
      <Filter>Header Files</Filter>
    </ClInclude>
    <ClInclude Include="includes\sdl\SDL_byteorder.h">
      <Filter>Header Files</Filter>
    </ClInclude>
    <ClInclude Include="includes\sdl\SDL_cdrom.h">
      <Filter>Header Files</Filter>
    </ClInclude>
    <ClInclude Include="includes\sdl\SDL_config.h">
      <Filter>Header Files</Filter>
    </ClInclude>
    <ClInclude Include="includes\sdl\SDL_config_amiga.h">
      <Filter>Header Files</Filter>
    </ClInclude>
    <ClInclude Include="includes\sdl\SDL_config_dreamcast.h">
      <Filter>Header Files</Filter>
    </ClInclude>
    <ClInclude Include="includes\sdl\SDL_config_macos.h">
      <Filter>Header Files</Filter>
    </ClInclude>
    <ClInclude Include="includes\sdl\SDL_config_macosx.h">
      <Filter>Header Files</Filter>
    </ClInclude>
    <ClInclude Include="includes\sdl\SDL_config_minimal.h">
      <Filter>Header Files</Filter>
    </ClInclude>
    <ClInclude Include="includes\sdl\SDL_config_nds.h">
      <Filter>Header Files</Filter>
    </ClInclude>
    <ClInclude Include="includes\sdl\SDL_config_os2.h">
      <Filter>Header Files</Filter>
    </ClInclude>
    <ClInclude Include="includes\sdl\SDL_config_symbian.h">
      <Filter>Header Files</Filter>
    </ClInclude>
    <ClInclude Include="includes\sdl\SDL_config_win32.h">
      <Filter>Header Files</Filter>
    </ClInclude>
    <ClInclude Include="includes\sdl\SDL_copying.h">
      <Filter>Header Files</Filter>
    </ClInclude>
    <ClInclude Include="includes\sdl\SDL_cpuinfo.h">
      <Filter>Header Files</Filter>
    </ClInclude>
    <ClInclude Include="includes\sdl\SDL_endian.h">
      <Filter>Header Files</Filter>
    </ClInclude>
    <ClInclude Include="includes\sdl\SDL_error.h">
      <Filter>Header Files</Filter>
    </ClInclude>
    <ClInclude Include="includes\sdl\SDL_events.h">
      <Filter>Header Files</Filter>
    </ClInclude>
    <ClInclude Include="includes\sdl\SDL_getenv.h">
      <Filter>Header Files</Filter>
    </ClInclude>
    <ClInclude Include="includes\sdl\SDL_joystick.h">
      <Filter>Header Files</Filter>
    </ClInclude>
    <ClInclude Include="includes\sdl\SDL_keyboard.h">
      <Filter>Header Files</Filter>
    </ClInclude>
    <ClInclude Include="includes\sdl\SDL_keysym.h">
      <Filter>Header Files</Filter>
    </ClInclude>
    <ClInclude Include="includes\sdl\SDL_loadso.h">
      <Filter>Header Files</Filter>
    </ClInclude>
    <ClInclude Include="includes\sdl\SDL_main.h">
      <Filter>Header Files</Filter>
    </ClInclude>
    <ClInclude Include="includes\sdl\SDL_mouse.h">
      <Filter>Header Files</Filter>
    </ClInclude>
    <ClInclude Include="includes\sdl\SDL_mutex.h">
      <Filter>Header Files</Filter>
    </ClInclude>
    <ClInclude Include="includes\sdl\SDL_name.h">
      <Filter>Header Files</Filter>
    </ClInclude>
    <ClInclude Include="includes\sdl\SDL_opengl.h">
      <Filter>Header Files</Filter>
    </ClInclude>
    <ClInclude Include="includes\sdl\SDL_platform.h">
      <Filter>Header Files</Filter>
    </ClInclude>
    <ClInclude Include="includes\sdl\SDL_quit.h">
      <Filter>Header Files</Filter>
    </ClInclude>
    <ClInclude Include="includes\sdl\SDL_rwops.h">
      <Filter>Header Files</Filter>
    </ClInclude>
    <ClInclude Include="includes\sdl\SDL_stdinc.h">
      <Filter>Header Files</Filter>
    </ClInclude>
    <ClInclude Include="includes\sdl\SDL_syswm.h">
      <Filter>Header Files</Filter>
    </ClInclude>
    <ClInclude Include="includes\sdl\SDL_thread.h">
      <Filter>Header Files</Filter>
    </ClInclude>
    <ClInclude Include="includes\sdl\SDL_timer.h">
      <Filter>Header Files</Filter>
    </ClInclude>
    <ClInclude Include="includes\sdl\SDL_types.h">
      <Filter>Header Files</Filter>
    </ClInclude>
    <ClInclude Include="includes\sdl\SDL_version.h">
      <Filter>Header Files</Filter>
    </ClInclude>
    <ClInclude Include="includes\sdl\SDL_video.h">
      <Filter>Header Files</Filter>
    </ClInclude>
    <ClInclude Include="src\Activity.h">
      <Filter>Header Files</Filter>
    </ClInclude>
    <ClInclude Include="src\Config.h">
      <Filter>Header Files</Filter>
    </ClInclude>
    <ClInclude Include="src\Controller.h">
      <Filter>Header Files</Filter>
    </ClInclude>
    <ClInclude Include="src\Format.h">
      <Filter>Header Files</Filter>
    </ClInclude>
    <ClInclude Include="src\Misc.h">
      <Filter>Header Files</Filter>
    </ClInclude>
    <ClInclude Include="src\Platform.h">
      <Filter>Header Files</Filter>
    </ClInclude>
    <ClInclude Include="src\PowderToy.h">
      <Filter>Header Files</Filter>
    </ClInclude>
    <ClInclude Include="src\Probability.h">
      <Filter>Header Files</Filter>
    </ClInclude>
    <ClInclude Include="src\SDLMain.h">
      <Filter>Header Files</Filter>
    </ClInclude>
    <ClInclude Include="src\Singleton.h">
      <Filter>Header Files</Filter>
    </ClInclude>
    <ClInclude Include="src\Update.h">
      <Filter>Header Files</Filter>
    </ClInclude>
    <ClInclude Include="src\bson\BSON.h">
      <Filter>Header Files</Filter>
    </ClInclude>
    <ClInclude Include="src\client\Client.h">
      <Filter>Header Files</Filter>
    </ClInclude>
    <ClInclude Include="src\client\ClientListener.h">
      <Filter>Header Files</Filter>
    </ClInclude>
    <ClInclude Include="src\client\GameSave.h">
      <Filter>Header Files</Filter>
    </ClInclude>
    <ClInclude Include="src\client\HTTP.h">
      <Filter>Header Files</Filter>
    </ClInclude>
    <ClInclude Include="src\client\MD5.h">
      <Filter>Header Files</Filter>
    </ClInclude>
    <ClInclude Include="src\client\SaveFile.h">
      <Filter>Header Files</Filter>
    </ClInclude>
    <ClInclude Include="src\client\SaveInfo.h">
      <Filter>Header Files</Filter>
    </ClInclude>
    <ClInclude Include="src\client\User.h">
      <Filter>Header Files</Filter>
    </ClInclude>
    <ClInclude Include="src\client\UserInfo.h">
      <Filter>Header Files</Filter>
    </ClInclude>
    <ClInclude Include="src\client\requestbroker\APIRequest.h">
      <Filter>Header Files</Filter>
    </ClInclude>
    <ClInclude Include="src\client\requestbroker\APIResultParser.h">
      <Filter>Header Files</Filter>
    </ClInclude>
    <ClInclude Include="src\client\requestbroker\ImageRequest.h">
      <Filter>Header Files</Filter>
    </ClInclude>
    <ClInclude Include="src\client\requestbroker\RequestBroker.h">
      <Filter>Header Files</Filter>
    </ClInclude>
    <ClInclude Include="src\client\requestbroker\RequestListener.h">
      <Filter>Header Files</Filter>
    </ClInclude>
    <ClInclude Include="src\client\requestbroker\ThumbRenderRequest.h">
      <Filter>Header Files</Filter>
    </ClInclude>
    <ClInclude Include="src\client\requestbroker\WebRequest.h">
      <Filter>Header Files</Filter>
    </ClInclude>
    <ClInclude Include="src\debug\DebugInfo.h">
      <Filter>Header Files</Filter>
    </ClInclude>
    <ClInclude Include="src\debug\DebugLines.h">
      <Filter>Header Files</Filter>
    </ClInclude>
    <ClInclude Include="src\debug\DebugParts.h">
      <Filter>Header Files</Filter>
    </ClInclude>
    <ClInclude Include="src\debug\ElementPopulation.h">
      <Filter>Header Files</Filter>
    </ClInclude>
    <ClInclude Include="src\graphics\Graphics.h">
      <Filter>Header Files</Filter>
    </ClInclude>
    <ClInclude Include="src\graphics\OpenGLHeaders.h">
      <Filter>Header Files</Filter>
    </ClInclude>
    <ClInclude Include="src\graphics\Renderer.h">
      <Filter>Header Files</Filter>
    </ClInclude>
    <ClInclude Include="src\gui\Style.h">
      <Filter>Header Files</Filter>
    </ClInclude>
    <ClInclude Include="src\gui\colourpicker\ColourPickerActivity.h">
      <Filter>Header Files</Filter>
    </ClInclude>
    <ClInclude Include="src\gui\console\ConsoleCommand.h">
      <Filter>Header Files</Filter>
    </ClInclude>
    <ClInclude Include="src\gui\console\ConsoleController.h">
      <Filter>Header Files</Filter>
    </ClInclude>
    <ClInclude Include="src\gui\console\ConsoleModel.h">
      <Filter>Header Files</Filter>
    </ClInclude>
    <ClInclude Include="src\gui\console\ConsoleView.h">
      <Filter>Header Files</Filter>
    </ClInclude>
    <ClInclude Include="src\gui\dialogues\ConfirmPrompt.h">
      <Filter>Header Files</Filter>
    </ClInclude>
    <ClInclude Include="src\gui\dialogues\ErrorMessage.h">
      <Filter>Header Files</Filter>
    </ClInclude>
    <ClInclude Include="src\gui\dialogues\InformationMessage.h">
      <Filter>Header Files</Filter>
    </ClInclude>
    <ClInclude Include="src\gui\dialogues\LegacyDialogues.h">
      <Filter>Header Files</Filter>
    </ClInclude>
    <ClInclude Include="src\gui\dialogues\SaveIDMessage.h">
      <Filter>Header Files</Filter>
    </ClInclude>
    <ClInclude Include="src\gui\dialogues\TextPrompt.h">
      <Filter>Header Files</Filter>
    </ClInclude>
    <ClInclude Include="src\gui\elementsearch\ElementSearchActivity.h">
      <Filter>Header Files</Filter>
    </ClInclude>
    <ClInclude Include="src\gui\filebrowser\FileBrowserActivity.h">
      <Filter>Header Files</Filter>
    </ClInclude>
    <ClInclude Include="src\gui\game\BitmapBrush.h">
      <Filter>Header Files</Filter>
    </ClInclude>
    <ClInclude Include="src\gui\game\Brush.h">
      <Filter>Header Files</Filter>
    </ClInclude>
    <ClInclude Include="src\gui\game\DecorationTool.h">
      <Filter>Header Files</Filter>
    </ClInclude>
    <ClInclude Include="src\gui\game\EllipseBrush.h">
      <Filter>Header Files</Filter>
    </ClInclude>
    <ClInclude Include="src\gui\game\GameController.h">
      <Filter>Header Files</Filter>
    </ClInclude>
    <ClInclude Include="src\gui\game\GameModel.h">
      <Filter>Header Files</Filter>
    </ClInclude>
    <ClInclude Include="src\gui\game\GameModelException.h">
      <Filter>Header Files</Filter>
    </ClInclude>
    <ClInclude Include="src\gui\game\GameView.h">
      <Filter>Header Files</Filter>
    </ClInclude>
    <ClInclude Include="src\gui\game\Menu.h">
      <Filter>Header Files</Filter>
    </ClInclude>
    <ClInclude Include="src\gui\game\Notification.h">
      <Filter>Header Files</Filter>
    </ClInclude>
    <ClInclude Include="src\gui\game\QuickOption.h">
      <Filter>Header Files</Filter>
    </ClInclude>
    <ClInclude Include="src\gui\game\QuickOptions.h">
      <Filter>Header Files</Filter>
    </ClInclude>
    <ClInclude Include="src\gui\game\RenderPreset.h">
      <Filter>Header Files</Filter>
    </ClInclude>
    <ClInclude Include="src\gui\game\Tool.h">
      <Filter>Header Files</Filter>
    </ClInclude>
    <ClInclude Include="src\gui\game\ToolButton.h">
      <Filter>Header Files</Filter>
    </ClInclude>
    <ClInclude Include="src\gui\game\TriangleBrush.h">
      <Filter>Header Files</Filter>
    </ClInclude>
    <ClInclude Include="src\gui\interface\Appearance.h">
      <Filter>Header Files</Filter>
    </ClInclude>
    <ClInclude Include="src\gui\interface\AvatarButton.h">
      <Filter>Header Files</Filter>
    </ClInclude>
    <ClInclude Include="src\gui\interface\Border.h">
      <Filter>Header Files</Filter>
    </ClInclude>
    <ClInclude Include="src\gui\interface\Button.h">
      <Filter>Header Files</Filter>
    </ClInclude>
    <ClInclude Include="src\gui\interface\Checkbox.h">
      <Filter>Header Files</Filter>
    </ClInclude>
    <ClInclude Include="src\gui\interface\Colour.h">
      <Filter>Header Files</Filter>
    </ClInclude>
    <ClInclude Include="src\gui\interface\Component.h">
      <Filter>Header Files</Filter>
    </ClInclude>
    <ClInclude Include="src\gui\interface\ContextMenu.h">
      <Filter>Header Files</Filter>
    </ClInclude>
    <ClInclude Include="src\gui\interface\CopyTextButton.h">
      <Filter>Header Files</Filter>
    </ClInclude>
    <ClInclude Include="src\gui\interface\DropDown.h">
      <Filter>Header Files</Filter>
    </ClInclude>
    <ClInclude Include="src\gui\interface\Engine.h">
      <Filter>Header Files</Filter>
    </ClInclude>
    <ClInclude Include="src\gui\interface\Keys.h">
      <Filter>Header Files</Filter>
    </ClInclude>
    <ClInclude Include="src\gui\interface\Label.h">
      <Filter>Header Files</Filter>
    </ClInclude>
    <ClInclude Include="src\gui\interface\Panel.h">
      <Filter>Header Files</Filter>
    </ClInclude>
    <ClInclude Include="src\gui\interface\Point.h">
      <Filter>Header Files</Filter>
    </ClInclude>
    <ClInclude Include="src\gui\interface\ProgressBar.h">
      <Filter>Header Files</Filter>
    </ClInclude>
    <ClInclude Include="src\gui\interface\RichLabel.h">
      <Filter>Header Files</Filter>
    </ClInclude>
    <ClInclude Include="src\gui\interface\SaveButton.h">
      <Filter>Header Files</Filter>
    </ClInclude>
    <ClInclude Include="src\gui\interface\ScrollPanel.h">
      <Filter>Header Files</Filter>
    </ClInclude>
    <ClInclude Include="src\gui\interface\Slider.h">
      <Filter>Header Files</Filter>
    </ClInclude>
    <ClInclude Include="src\gui\interface\Spinner.h">
      <Filter>Header Files</Filter>
    </ClInclude>
    <ClInclude Include="src\gui\interface\Textbox.h">
      <Filter>Header Files</Filter>
    </ClInclude>
    <ClInclude Include="src\gui\interface\Window.h">
      <Filter>Header Files</Filter>
    </ClInclude>
    <ClInclude Include="src\gui\localbrowser\LocalBrowserController.h">
      <Filter>Header Files</Filter>
    </ClInclude>
    <ClInclude Include="src\gui\localbrowser\LocalBrowserModel.h">
      <Filter>Header Files</Filter>
    </ClInclude>
    <ClInclude Include="src\gui\localbrowser\LocalBrowserModelException.h">
      <Filter>Header Files</Filter>
    </ClInclude>
    <ClInclude Include="src\gui\localbrowser\LocalBrowserView.h">
      <Filter>Header Files</Filter>
    </ClInclude>
    <ClInclude Include="src\gui\login\LoginController.h">
      <Filter>Header Files</Filter>
    </ClInclude>
    <ClInclude Include="src\gui\login\LoginModel.h">
      <Filter>Header Files</Filter>
    </ClInclude>
    <ClInclude Include="src\gui\login\LoginView.h">
      <Filter>Header Files</Filter>
    </ClInclude>
    <ClInclude Include="src\gui\options\OptionsController.h">
      <Filter>Header Files</Filter>
    </ClInclude>
    <ClInclude Include="src\gui\options\OptionsModel.h">
      <Filter>Header Files</Filter>
    </ClInclude>
    <ClInclude Include="src\gui\options\OptionsView.h">
      <Filter>Header Files</Filter>
    </ClInclude>
    <ClInclude Include="src\gui\preview\Comment.h">
      <Filter>Header Files</Filter>
    </ClInclude>
    <ClInclude Include="src\gui\preview\PreviewController.h">
      <Filter>Header Files</Filter>
    </ClInclude>
    <ClInclude Include="src\gui\preview\PreviewModel.h">
      <Filter>Header Files</Filter>
    </ClInclude>
    <ClInclude Include="src\gui\preview\PreviewModelException.h">
      <Filter>Header Files</Filter>
    </ClInclude>
    <ClInclude Include="src\gui\preview\PreviewView.h">
      <Filter>Header Files</Filter>
    </ClInclude>
    <ClInclude Include="src\gui\profile\ProfileActivity.h">
      <Filter>Header Files</Filter>
    </ClInclude>
    <ClInclude Include="src\gui\render\RenderController.h">
      <Filter>Header Files</Filter>
    </ClInclude>
    <ClInclude Include="src\gui\render\RenderModel.h">
      <Filter>Header Files</Filter>
    </ClInclude>
    <ClInclude Include="src\gui\render\RenderView.h">
      <Filter>Header Files</Filter>
    </ClInclude>
    <ClInclude Include="src\gui\save\LocalSaveActivity.h">
      <Filter>Header Files</Filter>
    </ClInclude>
    <ClInclude Include="src\gui\save\ServerSaveActivity.h">
      <Filter>Header Files</Filter>
    </ClInclude>
    <ClInclude Include="src\gui\search\SearchController.h">
      <Filter>Header Files</Filter>
    </ClInclude>
    <ClInclude Include="src\gui\search\SearchModel.h">
      <Filter>Header Files</Filter>
    </ClInclude>
    <ClInclude Include="src\gui\search\SearchView.h">
      <Filter>Header Files</Filter>
    </ClInclude>
    <ClInclude Include="src\gui\search\Thumbnail.h">
      <Filter>Header Files</Filter>
    </ClInclude>
    <ClInclude Include="src\gui\tags\TagsController.h">
      <Filter>Header Files</Filter>
    </ClInclude>
    <ClInclude Include="src\gui\tags\TagsModel.h">
      <Filter>Header Files</Filter>
    </ClInclude>
    <ClInclude Include="src\gui\tags\TagsModelException.h">
      <Filter>Header Files</Filter>
    </ClInclude>
    <ClInclude Include="src\gui\tags\TagsView.h">
      <Filter>Header Files</Filter>
    </ClInclude>
    <ClInclude Include="src\gui\update\UpdateActivity.h">
      <Filter>Header Files</Filter>
    </ClInclude>
    <ClInclude Include="src\json\json-forwards.h">
      <Filter>Header Files</Filter>
    </ClInclude>
    <ClInclude Include="src\json\json.h">
      <Filter>Header Files</Filter>
    </ClInclude>
    <ClInclude Include="src\lua\CommandInterface.h">
      <Filter>Header Files</Filter>
    </ClInclude>
    <ClInclude Include="src\lua\LuaBit.h">
      <Filter>Header Files</Filter>
    </ClInclude>
    <ClInclude Include="src\lua\LuaButton.h">
      <Filter>Header Files</Filter>
    </ClInclude>
    <ClInclude Include="src\lua\LuaCheckbox.h">
      <Filter>Header Files</Filter>
    </ClInclude>
    <ClInclude Include="src\lua\LuaCompat.h">
      <Filter>Header Files</Filter>
    </ClInclude>
    <ClInclude Include="src\lua\LuaComponent.h">
      <Filter>Header Files</Filter>
    </ClInclude>
    <ClInclude Include="src\lua\LuaLabel.h">
      <Filter>Header Files</Filter>
    </ClInclude>
    <ClInclude Include="src\lua\LuaLuna.h">
      <Filter>Header Files</Filter>
    </ClInclude>
    <ClInclude Include="src\lua\LuaProgressBar.h">
      <Filter>Header Files</Filter>
    </ClInclude>
    <ClInclude Include="src\lua\LuaScriptHelper.h">
      <Filter>Header Files</Filter>
    </ClInclude>
    <ClInclude Include="src\lua\LuaScriptInterface.h">
      <Filter>Header Files</Filter>
    </ClInclude>
    <ClInclude Include="src\lua\LuaSlider.h">
      <Filter>Header Files</Filter>
    </ClInclude>
    <ClInclude Include="src\lua\LuaTextbox.h">
      <Filter>Header Files</Filter>
    </ClInclude>
    <ClInclude Include="src\lua\LuaWindow.h">
      <Filter>Header Files</Filter>
    </ClInclude>
    <ClInclude Include="src\lua\TPTScriptInterface.h">
      <Filter>Header Files</Filter>
    </ClInclude>
    <ClInclude Include="src\lua\TPTSTypes.h">
      <Filter>Header Files</Filter>
    </ClInclude>
    <ClInclude Include="src\lua\socket\auxiliar.h">
      <Filter>Header Files</Filter>
    </ClInclude>
    <ClInclude Include="src\lua\socket\buffer.h">
      <Filter>Header Files</Filter>
    </ClInclude>
    <ClInclude Include="src\lua\socket\except.h">
      <Filter>Header Files</Filter>
    </ClInclude>
    <ClInclude Include="src\lua\socket\inet.h">
      <Filter>Header Files</Filter>
    </ClInclude>
    <ClInclude Include="src\lua\socket\io.h">
      <Filter>Header Files</Filter>
    </ClInclude>
    <ClInclude Include="src\lua\socket\luasocket.h">
      <Filter>Header Files</Filter>
    </ClInclude>
    <ClInclude Include="src\lua\socket\options.h">
      <Filter>Header Files</Filter>
    </ClInclude>
    <ClInclude Include="src\lua\socket\select.h">
      <Filter>Header Files</Filter>
    </ClInclude>
    <ClInclude Include="src\lua\socket\socket.h">
      <Filter>Header Files</Filter>
    </ClInclude>
    <ClInclude Include="src\lua\socket\socket.lua.h">
      <Filter>Header Files</Filter>
    </ClInclude>
    <ClInclude Include="src\lua\socket\tcp.h">
      <Filter>Header Files</Filter>
    </ClInclude>
    <ClInclude Include="src\lua\socket\timeout.h">
      <Filter>Header Files</Filter>
    </ClInclude>
    <ClInclude Include="src\lua\socket\udp.h">
      <Filter>Header Files</Filter>
    </ClInclude>
    <ClInclude Include="src\lua\socket\unix.h">
      <Filter>Header Files</Filter>
    </ClInclude>
    <ClInclude Include="src\lua\socket\usocket.h">
      <Filter>Header Files</Filter>
    </ClInclude>
    <ClInclude Include="src\lua\socket\wsocket.h">
      <Filter>Header Files</Filter>
    </ClInclude>
    <ClInclude Include="src\powdertoyjava\OpenGLCanvasMacOS.h">
      <Filter>Header Files</Filter>
    </ClInclude>
    <ClInclude Include="src\powdertoyjava\OpenGLCanvasWin32.h">
      <Filter>Header Files</Filter>
    </ClInclude>
    <ClInclude Include="src\powdertoyjava\PowderToyJava.h">
      <Filter>Header Files</Filter>
    </ClInclude>
    <ClInclude Include="src\resampler\resampler.h">
      <Filter>Header Files</Filter>
    </ClInclude>
    <ClInclude Include="src\simulation\Air.h">
      <Filter>Header Files</Filter>
    </ClInclude>
    <ClInclude Include="src\simulation\CoordStack.h">
      <Filter>Header Files</Filter>
    </ClInclude>
    <ClInclude Include="src\simulation\Element.h">
      <Filter>Header Files</Filter>
    </ClInclude>
    <ClInclude Include="src\simulation\ElementGraphics.h">
      <Filter>Header Files</Filter>
    </ClInclude>
    <ClInclude Include="src\simulation\Elements.h">
      <Filter>Header Files</Filter>
    </ClInclude>
    <ClInclude Include="src\simulation\GOLMenu.h">
      <Filter>Header Files</Filter>
    </ClInclude>
    <ClInclude Include="src\simulation\Gravity.h">
      <Filter>Header Files</Filter>
    </ClInclude>
    <ClInclude Include="src\simulation\MenuSection.h">
      <Filter>Header Files</Filter>
    </ClInclude>
    <ClInclude Include="src\simulation\Particle.h">
      <Filter>Header Files</Filter>
    </ClInclude>
    <ClInclude Include="src\simulation\Sample.h">
      <Filter>Header Files</Filter>
    </ClInclude>
    <ClInclude Include="src\simulation\SaveRenderer.h">
      <Filter>Header Files</Filter>
    </ClInclude>
    <ClInclude Include="src\simulation\Sign.h">
      <Filter>Header Files</Filter>
    </ClInclude>
    <ClInclude Include="src\simulation\Simulation.h">
      <Filter>Header Files</Filter>
    </ClInclude>
    <ClInclude Include="src\simulation\SimulationData.h">
      <Filter>Header Files</Filter>
    </ClInclude>
    <ClInclude Include="src\simulation\Snapshot.h">
      <Filter>Header Files</Filter>
    </ClInclude>
    <ClInclude Include="src\simulation\Stickman.h">
      <Filter>Header Files</Filter>
    </ClInclude>
    <ClInclude Include="src\simulation\StorageClasses.h">
      <Filter>Header Files</Filter>
    </ClInclude>
    <ClInclude Include="src\simulation\StructProperty.h">
      <Filter>Header Files</Filter>
    </ClInclude>
    <ClInclude Include="src\simulation\WallType.h">
      <Filter>Header Files</Filter>
    </ClInclude>
    <ClInclude Include="src\simulation\elements\Element.h">
      <Filter>Header Files</Filter>
    </ClInclude>
    <ClInclude Include="src\simulation\simtools\SimTool.h">
      <Filter>Header Files</Filter>
    </ClInclude>
    <ClInclude Include="src\tasks\Task.h">
      <Filter>Header Files</Filter>
    </ClInclude>
    <ClInclude Include="src\tasks\TaskListener.h">
      <Filter>Header Files</Filter>
    </ClInclude>
    <ClInclude Include="src\tasks\TaskWindow.h">
      <Filter>Header Files</Filter>
    </ClInclude>
  </ItemGroup>
  <ItemGroup>
    <None Include="src\graphics\OpenGLDrawMethods.inl">
      <Filter>Header Files</Filter>
    </None>
    <None Include="src\graphics\RasterDrawMethods.inl">
      <Filter>Header Files</Filter>
    </None>
    <None Include="src\graphics\DrawMethodsDef.inc">
      <Filter>Header Files</Filter>
    </None>
  </ItemGroup>
  <ItemGroup>
    <ResourceCompile Include="resources\powder-res.rc">
      <Filter>Resource Files</Filter>
    </ResourceCompile>
  </ItemGroup>
</Project>